
Microsoft Visual Studio Solution File, Format Version 12.00
# Visual Studio 15
VisualStudioVersion = 15.0.27428.2027
MinimumVisualStudioVersion = 10.0.40219.1
Project("{FAE04EC0-301F-11D3-BF4B-00C04F79EFBC}") = "Tweets", "Tweets\Tweets.csproj", "{B9391723-C48C-469F-B362-45263DDD301D}"
EndProject
Project("{FAE04EC0-301F-11D3-BF4B-00C04F79EFBC}") = "Sentiment analysis", "Sentiment analysis\Sentiment analysis.csproj", "{175F6E9D-18BB-4438-B923-4FEBDEB585BA}"
EndProject
Global
	GlobalSection(SolutionConfigurationPlatforms) = preSolution
		Debug|Any CPU = Debug|Any CPU
		Release|Any CPU = Release|Any CPU
	EndGlobalSection
	GlobalSection(ProjectConfigurationPlatforms) = postSolution
		{B9391723-C48C-469F-B362-45263DDD301D}.Debug|Any CPU.ActiveCfg = Debug|Any CPU
		{B9391723-C48C-469F-B362-45263DDD301D}.Debug|Any CPU.Build.0 = Debug|Any CPU
		{B9391723-C48C-469F-B362-45263DDD301D}.Release|Any CPU.ActiveCfg = Release|Any CPU
		{B9391723-C48C-469F-B362-45263DDD301D}.Release|Any CPU.Build.0 = Release|Any CPU
		{175F6E9D-18BB-4438-B923-4FEBDEB585BA}.Debug|Any CPU.ActiveCfg = Debug|Any CPU
		{175F6E9D-18BB-4438-B923-4FEBDEB585BA}.Debug|Any CPU.Build.0 = Debug|Any CPU
		{175F6E9D-18BB-4438-B923-4FEBDEB585BA}.Release|Any CPU.ActiveCfg = Release|Any CPU
		{175F6E9D-18BB-4438-B923-4FEBDEB585BA}.Release|Any CPU.Build.0 = Release|Any CPU
	EndGlobalSection
	GlobalSection(SolutionProperties) = preSolution
		HideSolutionNode = FALSE
	EndGlobalSection
	GlobalSection(ExtensibilityGlobals) = postSolution
		SolutionGuid = {57FA5413-8629-4EEA-93CD-AF550D8A6189}
	EndGlobalSection
EndGlobal
